
Microsoft Visual Studio Solution File, Format Version 12.00
# Visual Studio Version 17
VisualStudioVersion = 17.9.34723.18
MinimumVisualStudioVersion = 10.0.40219.1
Project("{FAE04EC0-301F-11D3-BF4B-00C04F79EFBC}") = "Filmes_Mvc", "Filmes_Mvc\Filmes_Mvc.csproj", "{E1AB773F-AD27-4E0D-858C-E550E40FED90}"
EndProject
Global
	GlobalSection(SolutionConfigurationPlatforms) = preSolution
		Debug|Any CPU = Debug|Any CPU
		Release|Any CPU = Release|Any CPU
	EndGlobalSection
	GlobalSection(ProjectConfigurationPlatforms) = postSolution
		{E1AB773F-AD27-4E0D-858C-E550E40FED90}.Debug|Any CPU.ActiveCfg = Debug|Any CPU
		{E1AB773F-AD27-4E0D-858C-E550E40FED90}.Debug|Any CPU.Build.0 = Debug|Any CPU
		{E1AB773F-AD27-4E0D-858C-E550E40FED90}.Release|Any CPU.ActiveCfg = Release|Any CPU
		{E1AB773F-AD27-4E0D-858C-E550E40FED90}.Release|Any CPU.Build.0 = Release|Any CPU
	EndGlobalSection
	GlobalSection(SolutionProperties) = preSolution
		HideSolutionNode = FALSE
	EndGlobalSection
	GlobalSection(ExtensibilityGlobals) = postSolution
		SolutionGuid = {5E595914-F333-472C-9F4D-3BC1482186D3}
	EndGlobalSection
EndGlobal
